
Microsoft Visual Studio Solution File, Format Version 12.00
# Visual Studio 15
VisualStudioVersion = 15.0.26730.12
MinimumVisualStudioVersion = 10.0.40219.1
Project("{2150E333-8FDC-42A3-9474-1A3956D46DE8}") = "Solution Items", "Solution Items", "{074FA6BC-2E14-4656-8524-2BC2ACCD2191}"
	ProjectSection(SolutionItems) = preProject
		..\.gitignore = ..\.gitignore
	EndProjectSection
EndProject
Project("{2150E333-8FDC-42A3-9474-1A3956D46DE8}") = "resources", "resources", "{F5662EE4-6717-4557-B910-7D4B1040E383}"
	ProjectSection(SolutionItems) = preProject
		..\resources\voynich\links.md = ..\resources\voynich\links.md
	EndProjectSection
EndProject
Project("{2150E333-8FDC-42A3-9474-1A3956D46DE8}") = "encodings", "encodings", "{FE94FDE8-2A28-4EA9-ABDC-842A222A52EF}"
	ProjectSection(SolutionItems) = preProject
		..\resources\encodings\cmu.json = ..\resources\encodings\cmu.json
		..\resources\encodings\features.json = ..\resources\encodings\features.json
		..\resources\encodings\ipa.json = ..\resources\encodings\ipa.json
		..\resources\encodings\vogt_minimal.json = ..\resources\encodings\vogt_minimal.json
	EndProjectSection
EndProject
Project("{2150E333-8FDC-42A3-9474-1A3956D46DE8}") = "samples", "samples", "{A3D7353F-D7C1-43CA-9884-2839FE695B11}"
	ProjectSection(SolutionItems) = preProject
		..\samples\english_test.json = ..\samples\english_test.json
		..\samples\ipatransducer.json = ..\samples\ipatransducer.json
		..\samples\voynich.json = ..\samples\voynich.json
	EndProjectSection
EndProject
Project("{9A19103F-16F7-4668-BE54-9A1E7A4F7556}") = "Enochian.Console", "Enochian.Console\Enochian.Console.csproj", "{D17B610B-FD6B-4A71-8B19-9212273F89A3}"
EndProject
Project("{9A19103F-16F7-4668-BE54-9A1E7A4F7556}") = "Enochian", "Enochian\Enochian.csproj", "{CD5A1E90-CC4F-4E97-B863-D1D126AC3490}"
EndProject
Project("{9A19103F-16F7-4668-BE54-9A1E7A4F7556}") = "Enochian.UnitTests", "Enochian.UnitTests\Enochian.UnitTests.csproj", "{7944D3B0-4192-429E-B1C4-2E5E3C1E98F5}"
EndProject
Project("{9A19103F-16F7-4668-BE54-9A1E7A4F7556}") = "Enochian.IntegrationTests", "Enochian.IntegrationTests\Enochian.IntegrationTests.csproj", "{CB408DE6-412C-4C1D-9753-8C1B5F2F2097}"
EndProject
Project("{2150E333-8FDC-42A3-9474-1A3956D46DE8}") = "english_test", "english_test", "{346B7A2A-0E5B-4AC6-A7D7-5E2A77541BBE}"
	ProjectSection(SolutionItems) = preProject
		..\samples\english_test\austen_persuasion.txt = ..\samples\english_test\austen_persuasion.txt
		..\samples\english_test\austen_persuasion_single.txt = ..\samples\english_test\austen_persuasion_single.txt
	EndProjectSection
EndProject
Project("{2150E333-8FDC-42A3-9474-1A3956D46DE8}") = "reports", "reports", "{931F8B4D-78E7-44C6-990D-B183F80E4433}"
	ProjectSection(SolutionItems) = preProject
		..\reports\enochian.css = ..\reports\enochian.css
	EndProjectSection
EndProject
Project("{9A19103F-16F7-4668-BE54-9A1E7A4F7556}") = "RomlexScraper", "RomlexScraper\RomlexScraper.csproj", "{E7A521D3-E540-4F48-A162-57FEDBE0DB7F}"
EndProject
Global
	GlobalSection(SolutionConfigurationPlatforms) = preSolution
		Debug|Any CPU = Debug|Any CPU
		Debug|x64 = Debug|x64
		Debug|x86 = Debug|x86
		Release|Any CPU = Release|Any CPU
		Release|x64 = Release|x64
		Release|x86 = Release|x86
	EndGlobalSection
	GlobalSection(ProjectConfigurationPlatforms) = postSolution
		{D17B610B-FD6B-4A71-8B19-9212273F89A3}.Debug|Any CPU.ActiveCfg = Debug|Any CPU
		{D17B610B-FD6B-4A71-8B19-9212273F89A3}.Debug|Any CPU.Build.0 = Debug|Any CPU
		{D17B610B-FD6B-4A71-8B19-9212273F89A3}.Debug|x64.ActiveCfg = Debug|Any CPU
		{D17B610B-FD6B-4A71-8B19-9212273F89A3}.Debug|x64.Build.0 = Debug|Any CPU
		{D17B610B-FD6B-4A71-8B19-9212273F89A3}.Debug|x86.ActiveCfg = Debug|Any CPU
		{D17B610B-FD6B-4A71-8B19-9212273F89A3}.Debug|x86.Build.0 = Debug|Any CPU
		{D17B610B-FD6B-4A71-8B19-9212273F89A3}.Release|Any CPU.ActiveCfg = Release|Any CPU
		{D17B610B-FD6B-4A71-8B19-9212273F89A3}.Release|Any CPU.Build.0 = Release|Any CPU
		{D17B610B-FD6B-4A71-8B19-9212273F89A3}.Release|x64.ActiveCfg = Release|Any CPU
		{D17B610B-FD6B-4A71-8B19-9212273F89A3}.Release|x64.Build.0 = Release|Any CPU
		{D17B610B-FD6B-4A71-8B19-9212273F89A3}.Release|x86.ActiveCfg = Release|Any CPU
		{D17B610B-FD6B-4A71-8B19-9212273F89A3}.Release|x86.Build.0 = Release|Any CPU
		{CD5A1E90-CC4F-4E97-B863-D1D126AC3490}.Debug|Any CPU.ActiveCfg = Debug|Any CPU
		{CD5A1E90-CC4F-4E97-B863-D1D126AC3490}.Debug|Any CPU.Build.0 = Debug|Any CPU
		{CD5A1E90-CC4F-4E97-B863-D1D126AC3490}.Debug|x64.ActiveCfg = Debug|Any CPU
		{CD5A1E90-CC4F-4E97-B863-D1D126AC3490}.Debug|x64.Build.0 = Debug|Any CPU
		{CD5A1E90-CC4F-4E97-B863-D1D126AC3490}.Debug|x86.ActiveCfg = Debug|Any CPU
		{CD5A1E90-CC4F-4E97-B863-D1D126AC3490}.Debug|x86.Build.0 = Debug|Any CPU
		{CD5A1E90-CC4F-4E97-B863-D1D126AC3490}.Release|Any CPU.ActiveCfg = Release|Any CPU
		{CD5A1E90-CC4F-4E97-B863-D1D126AC3490}.Release|Any CPU.Build.0 = Release|Any CPU
		{CD5A1E90-CC4F-4E97-B863-D1D126AC3490}.Release|x64.ActiveCfg = Release|Any CPU
		{CD5A1E90-CC4F-4E97-B863-D1D126AC3490}.Release|x64.Build.0 = Release|Any CPU
		{CD5A1E90-CC4F-4E97-B863-D1D126AC3490}.Release|x86.ActiveCfg = Release|Any CPU
		{CD5A1E90-CC4F-4E97-B863-D1D126AC3490}.Release|x86.Build.0 = Release|Any CPU
		{7944D3B0-4192-429E-B1C4-2E5E3C1E98F5}.Debug|Any CPU.ActiveCfg = Debug|Any CPU
		{7944D3B0-4192-429E-B1C4-2E5E3C1E98F5}.Debug|Any CPU.Build.0 = Debug|Any CPU
		{7944D3B0-4192-429E-B1C4-2E5E3C1E98F5}.Debug|x64.ActiveCfg = Debug|Any CPU
		{7944D3B0-4192-429E-B1C4-2E5E3C1E98F5}.Debug|x64.Build.0 = Debug|Any CPU
		{7944D3B0-4192-429E-B1C4-2E5E3C1E98F5}.Debug|x86.ActiveCfg = Debug|Any CPU
		{7944D3B0-4192-429E-B1C4-2E5E3C1E98F5}.Debug|x86.Build.0 = Debug|Any CPU
		{7944D3B0-4192-429E-B1C4-2E5E3C1E98F5}.Release|Any CPU.ActiveCfg = Release|Any CPU
		{7944D3B0-4192-429E-B1C4-2E5E3C1E98F5}.Release|Any CPU.Build.0 = Release|Any CPU
		{7944D3B0-4192-429E-B1C4-2E5E3C1E98F5}.Release|x64.ActiveCfg = Release|Any CPU
		{7944D3B0-4192-429E-B1C4-2E5E3C1E98F5}.Release|x64.Build.0 = Release|Any CPU
		{7944D3B0-4192-429E-B1C4-2E5E3C1E98F5}.Release|x86.ActiveCfg = Release|Any CPU
		{7944D3B0-4192-429E-B1C4-2E5E3C1E98F5}.Release|x86.Build.0 = Release|Any CPU
		{CB408DE6-412C-4C1D-9753-8C1B5F2F2097}.Debug|Any CPU.ActiveCfg = Debug|Any CPU
		{CB408DE6-412C-4C1D-9753-8C1B5F2F2097}.Debug|Any CPU.Build.0 = Debug|Any CPU
		{CB408DE6-412C-4C1D-9753-8C1B5F2F2097}.Debug|x64.ActiveCfg = Debug|Any CPU
		{CB408DE6-412C-4C1D-9753-8C1B5F2F2097}.Debug|x64.Build.0 = Debug|Any CPU
		{CB408DE6-412C-4C1D-9753-8C1B5F2F2097}.Debug|x86.ActiveCfg = Debug|Any CPU
		{CB408DE6-412C-4C1D-9753-8C1B5F2F2097}.Debug|x86.Build.0 = Debug|Any CPU
		{CB408DE6-412C-4C1D-9753-8C1B5F2F2097}.Release|Any CPU.ActiveCfg = Release|Any CPU
		{CB408DE6-412C-4C1D-9753-8C1B5F2F2097}.Release|Any CPU.Build.0 = Release|Any CPU
		{CB408DE6-412C-4C1D-9753-8C1B5F2F2097}.Release|x64.ActiveCfg = Release|Any CPU
		{CB408DE6-412C-4C1D-9753-8C1B5F2F2097}.Release|x64.Build.0 = Release|Any CPU
		{CB408DE6-412C-4C1D-9753-8C1B5F2F2097}.Release|x86.ActiveCfg = Release|Any CPU
		{CB408DE6-412C-4C1D-9753-8C1B5F2F2097}.Release|x86.Build.0 = Release|Any CPU
		{E7A521D3-E540-4F48-A162-57FEDBE0DB7F}.Debug|Any CPU.ActiveCfg = Debug|Any CPU
		{E7A521D3-E540-4F48-A162-57FEDBE0DB7F}.Debug|Any CPU.Build.0 = Debug|Any CPU
		{E7A521D3-E540-4F48-A162-57FEDBE0DB7F}.Debug|x64.ActiveCfg = Debug|Any CPU
		{E7A521D3-E540-4F48-A162-57FEDBE0DB7F}.Debug|x64.Build.0 = Debug|Any CPU
		{E7A521D3-E540-4F48-A162-57FEDBE0DB7F}.Debug|x86.ActiveCfg = Debug|Any CPU
		{E7A521D3-E540-4F48-A162-57FEDBE0DB7F}.Debug|x86.Build.0 = Debug|Any CPU
		{E7A521D3-E540-4F48-A162-57FEDBE0DB7F}.Release|Any CPU.ActiveCfg = Release|Any CPU
		{E7A521D3-E540-4F48-A162-57FEDBE0DB7F}.Release|Any CPU.Build.0 = Release|Any CPU
		{E7A521D3-E540-4F48-A162-57FEDBE0DB7F}.Release|x64.ActiveCfg = Release|Any CPU
		{E7A521D3-E540-4F48-A162-57FEDBE0DB7F}.Release|x64.Build.0 = Release|Any CPU
		{E7A521D3-E540-4F48-A162-57FEDBE0DB7F}.Release|x86.ActiveCfg = Release|Any CPU
		{E7A521D3-E540-4F48-A162-57FEDBE0DB7F}.Release|x86.Build.0 = Release|Any CPU
	EndGlobalSection
	GlobalSection(SolutionProperties) = preSolution
		HideSolutionNode = FALSE
	EndGlobalSection
	GlobalSection(NestedProjects) = preSolution
		{F5662EE4-6717-4557-B910-7D4B1040E383} = {074FA6BC-2E14-4656-8524-2BC2ACCD2191}
		{FE94FDE8-2A28-4EA9-ABDC-842A222A52EF} = {F5662EE4-6717-4557-B910-7D4B1040E383}
		{A3D7353F-D7C1-43CA-9884-2839FE695B11} = {074FA6BC-2E14-4656-8524-2BC2ACCD2191}
		{346B7A2A-0E5B-4AC6-A7D7-5E2A77541BBE} = {A3D7353F-D7C1-43CA-9884-2839FE695B11}
		{931F8B4D-78E7-44C6-990D-B183F80E4433} = {074FA6BC-2E14-4656-8524-2BC2ACCD2191}
	EndGlobalSection
	GlobalSection(ExtensibilityGlobals) = postSolution
		SolutionGuid = {F896420B-255A-48E0-AD72-5EC8D453B9C1}
	EndGlobalSection
EndGlobal
