<Solution>
  <Folder Name="/Solution Items/">
    <File Path="../.gitignore" />
    <File Path="../LICENSE" />
    <File Path="../README.md" />
  </Folder>
  <Folder Name="/Solution Items/experiments/">
    <File Path="../experiments/confirmatory.protocol.json" />
    <File Path="../experiments/exploratory.example.json" />
    <File Path="../experiments/protocol.md" />
  </Folder>
  <Folder Name="/Solution Items/experiments/schemas/">
    <File Path="../experiments/schemas/experiment.schema.json" />
  </Folder>
  <Folder Name="/Solution Items/reports/">
    <File Path="../reports/enochian.css" />
  </Folder>
  <Folder Name="/Solution Items/resources/">
    <File Path="../resources/voynich/links.md" />
  </Folder>
  <Folder Name="/Solution Items/resources/encodings/">
    <File Path="../resources/encodings/cmu.json" />
    <File Path="../resources/encodings/features.json" />
    <File Path="../resources/encodings/ipa.json" />
    <File Path="../resources/encodings/romlex.json" />
    <File Path="../resources/encodings/slp1.json" />
    <File Path="../resources/encodings/vogt.json" />
  </Folder>
  <Folder Name="/Solution Items/resources/lexicons/examples/">
    <File Path="../resources/lexicons/examples/ipa-audit-summary.example.json" />
    <File Path="../resources/lexicons/examples/ipa-conversion-artifact.example.json" />
    <File Path="../resources/lexicons/examples/ipa-conversion-profile-custom.example.json" />
    <File Path="../resources/lexicons/examples/ipa-conversion-profile.example.json" />
    <File Path="../resources/lexicons/examples/ipa-conversion-request.example.json" />
    <File Path="../resources/lexicons/examples/ipa-review-sheet.example.json" />
    <File Path="../resources/lexicons/examples/normalized-entry.example.json" />
    <File Path="../resources/lexicons/examples/source-manifest.example.json" />
  </Folder>
  <Folder Name="/Solution Items/resources/lexicons/">
    <File Path="../resources/lexicons/ATTRIBUTION.md" />
    <File Path="../resources/lexicons/README.md" />
  </Folder>
  <Folder Name="/Solution Items/resources/lexicons/schemas/">
    <File Path="../resources/lexicons/schemas/ipa-audit-summary.schema.json" />
    <File Path="../resources/lexicons/schemas/ipa-conversion-artifact.schema.json" />
    <File Path="../resources/lexicons/schemas/ipa-conversion-profile.schema.json" />
    <File Path="../resources/lexicons/schemas/ipa-conversion-request.schema.json" />
    <File Path="../resources/lexicons/schemas/ipa-review-sheet.schema.json" />
    <File Path="../resources/lexicons/schemas/normalized-entry.schema.json" />
    <File Path="../resources/lexicons/schemas/source-manifest.schema.json" />
  </Folder>
  <Folder Name="/Solution Items/samples/">
    <File Path="../samples/english_test.json" />
    <File Path="../samples/hypotheses.json" />
    <File Path="../samples/ipatransducer.json" />
    <File Path="../samples/run_voynich.bat" />
    <File Path="../samples/voynich.json" />
  </Folder>
  <Folder Name="/Solution Items/samples/english_test/">
    <File Path="../samples/english_test/austen_persuasion.txt" />
    <File Path="../samples/english_test/austen_persuasion_single.txt" />
  </Folder>
  <Project Path="Enochian.Cdsl/Enochian.Cdsl.csproj" />
  <Project Path="Enochian.Console/Enochian.Console.csproj" />
  <Project Path="Enochian.IntegrationTests/Enochian.IntegrationTests.csproj" />
  <Project Path="Enochian.Provenance/Enochian.Provenance.csproj" />
  <Project Path="Enochian.UnitTests/Enochian.UnitTests.csproj" />
  <Project Path="Enochian/Enochian.csproj" />
  <Project Path="GenVoynichRunner/GenVoynichRunner.csproj" />
  <Project Path="RomlexScraper/RomlexScraper.csproj" />
</Solution>
