
Microsoft Visual Studio Solution File, Format Version 12.00
# Visual Studio 15
VisualStudioVersion = 15.0.26014.0
MinimumVisualStudioVersion = 10.0.40219.1
Project("{2150E333-8FDC-42A3-9474-1A3956D46DE8}") = "Solution Items", "Solution Items", "{074FA6BC-2E14-4656-8524-2BC2ACCD2191}"
EndProject
Project("{2150E333-8FDC-42A3-9474-1A3956D46DE8}") = "resources", "resources", "{F5662EE4-6717-4557-B910-7D4B1040E383}"
EndProject
Project("{2150E333-8FDC-42A3-9474-1A3956D46DE8}") = "encodings", "encodings", "{FE94FDE8-2A28-4EA9-ABDC-842A222A52EF}"
	ProjectSection(SolutionItems) = preProject
		..\resources\encodings\features.json = ..\resources\encodings\features.json
		..\resources\encodings\ipa.json = ..\resources\encodings\ipa.json
	EndProjectSection
EndProject
Project("{2150E333-8FDC-42A3-9474-1A3956D46DE8}") = "samples", "samples", "{A3D7353F-D7C1-43CA-9884-2839FE695B11}"
	ProjectSection(SolutionItems) = preProject
		..\samples\debug.json = ..\samples\debug.json
	EndProjectSection
EndProject
Global
	GlobalSection(SolutionProperties) = preSolution
		HideSolutionNode = FALSE
	EndGlobalSection
	GlobalSection(NestedProjects) = preSolution
		{F5662EE4-6717-4557-B910-7D4B1040E383} = {074FA6BC-2E14-4656-8524-2BC2ACCD2191}
		{FE94FDE8-2A28-4EA9-ABDC-842A222A52EF} = {F5662EE4-6717-4557-B910-7D4B1040E383}
		{A3D7353F-D7C1-43CA-9884-2839FE695B11} = {074FA6BC-2E14-4656-8524-2BC2ACCD2191}
	EndGlobalSection
EndGlobal
